
Microsoft Visual Studio Solution File, Format Version 12.00
# Visual Studio Version 17
VisualStudioVersion = 17.13.35828.75 d17.13
MinimumVisualStudioVersion = 10.0.40219.1
Project("{FAE04EC0-301F-11D3-BF4B-00C04F79EFBC}") = "SemanticKernelPlayground", "SemanticKernelPlayground.csproj", "{C172C774-B498-405C-B0F7-589A8B90A613}"
EndProject
Global
	GlobalSection(SolutionConfigurationPlatforms) = preSolution
		Debug|Any CPU = Debug|Any CPU
		Release|Any CPU = Release|Any CPU
	EndGlobalSection
	GlobalSection(ProjectConfigurationPlatforms) = postSolution
		{C172C774-B498-405C-B0F7-589A8B90A613}.Debug|Any CPU.ActiveCfg = Debug|Any CPU
		{C172C774-B498-405C-B0F7-589A8B90A613}.Debug|Any CPU.Build.0 = Debug|Any CPU
		{C172C774-B498-405C-B0F7-589A8B90A613}.Release|Any CPU.ActiveCfg = Release|Any CPU
		{C172C774-B498-405C-B0F7-589A8B90A613}.Release|Any CPU.Build.0 = Release|Any CPU
	EndGlobalSection
	GlobalSection(SolutionProperties) = preSolution
		HideSolutionNode = FALSE
	EndGlobalSection
	GlobalSection(ExtensibilityGlobals) = postSolution
		SolutionGuid = {5D12A067-FBDE-464E-9B04-4645611C8E6E}
	EndGlobalSection
EndGlobal
